# This file is autogenerated, do not edit; changes may be undone by the next 'dep ensure'.


[[projects]]
  digest = "1:e9684f376cdd9a3b44b0a0cb8c626ce5e907a5541fad0c50e1e6d5f8999609ae"
  name = "github.com/golang/protobuf"
  packages = ["proto"]
  pruneopts = "UT"
  revision = "8ee79997227bf9b34611aee7946ae64735e6fd93"

[[projects]]
  digest = "1:0fa8146fdec999a9d8823b5a6462f9b00ac51883528d41fd4c7fcd9a8aebf316"
  name = "github.com/google/go-github"
  packages = ["github"]
  pruneopts = "UT"
  revision = "43e7458cf61b30944e822345dc028a649d7f87b4"

[[projects]]
  digest = "1:a63cff6b5d8b95638bfe300385d93b2a6d9d687734b863da8e09dc834510a690"
  name = "github.com/google/go-querystring"
  packages = ["query"]
  pruneopts = "UT"
  revision = "53e6ce116135b80d037921a7fdd5138cf32d7a8a"

[[projects]]
  digest = "1:870d441fe217b8e689d7949fef6e43efbc787e50f200cb1e70dbca9204a1d6be"
  name = "github.com/inconshreveable/mousetrap"
  packages = ["."]
  pruneopts = "UT"
  revision = "76626ae9c91c4f2a10f34cad8ce83ea42c93bb75"
  version = "v1.0"

[[projects]]
  digest = "1:27b334d9bc302371f15ae68522c0bcd6872f3e1f5e86990e6e55ae11b089d468"
  name = "github.com/spf13/cobra"
  packages = ["."]
  pruneopts = "UT"
  revision = "35136c09d8da66b901337c6e86fd8e88a1a255bd"

[[projects]]
  digest = "1:b7386dc2acd6ae7a2383c7e35edf894b73df06338c04c49df3887087d2a97bab"
  name = "github.com/spf13/pflag"
  packages = ["."]
  pruneopts = "UT"
  revision = "9ff6c6923cfffbcd502984b8e0c80539a94968b7"

[[projects]]
  digest = "1:c8d0e5ee3992135dfe99fc2b79e8bef8e95167b0ae41ba7cd23ad8e2b981f475"
  name = "github.com/tonglil/versioning"
  packages = ["."]
  pruneopts = "UT"
  revision = "8b2a4334bd1dd29ff3565492337f9292c68cd290"

[[projects]]
  digest = "1:137a07d176f06db21c807d085339244f6a58ddac7d4f2fe5607a39392a2dcb5a"
  name = "golang.org/x/net"
  packages = ["context"]
  pruneopts = "UT"
  revision = "41bba8d80bbfab43231ffdf4c210037baae5f6a3"

[[projects]]
  digest = "1:4ad7d9453f80a570bbfe0406f288a555d91050950471cd534824ef34c60bf251"
  name = "golang.org/x/oauth2"
  packages = [
    ".",
    "internal",
  ]
  pruneopts = "UT"
  revision = "f6093e37b6cb4092101a298aba5d794eb570757f"

[[projects]]
  digest = "1:424f55096e5489d331b25325a2a0d05084121113ca1c06e1049f50ae0d75e000"
  name = "google.golang.org/appengine"
  packages = [
    "internal",
    "internal/base",
    "internal/datastore",
    "internal/log",
    "internal/remote_api",
    "internal/urlfetch",
    "urlfetch",
  ]
  pruneopts = "UT"
  revision = "a2c54d2174c17540446e0ced57d9d459af61bc1c"

[[projects]]
  digest = "1:cacb98d52c60c337c2ce95a7af83ba0313a93ce5e73fa9e99a96aff70776b9d3"
  name = "gopkg.in/yaml.v2"
  packages = ["."]
  pruneopts = "UT"
  revision = "a5b47d31c556af34a302ce5d659e6fea44d90de0"

[solve-meta]
  analyzer-name = "dep"
  analyzer-version = 1
  input-imports = [
    "github.com/google/go-github/github",
    "github.com/spf13/cobra",
    "github.com/tonglil/versioning",
    "golang.org/x/oauth2",
    "gopkg.in/yaml.v2",
  ]
  solver-name = "gps-cdcl"
  solver-version = 1
